
Microsoft Visual Studio Solution File, Format Version 12.00
# Visual Studio Version 17
VisualStudioVersion = 17.1.32407.343
MinimumVisualStudioVersion = 10.0.40219.1
Project("{FAE04EC0-301F-11D3-BF4B-00C04F79EFBC}") = "Northwind.DataModels", "Northwind.DataModels\Northwind.DataModels.csproj", "{06385E1F-0EBA-4429-BC09-BCC0E438AD6D}"
EndProject
Global
	GlobalSection(SolutionConfigurationPlatforms) = preSolution
		Debug|Any CPU = Debug|Any CPU
		Release|Any CPU = Release|Any CPU
	EndGlobalSection
	GlobalSection(ProjectConfigurationPlatforms) = postSolution
		{06385E1F-0EBA-4429-BC09-BCC0E438AD6D}.Debug|Any CPU.ActiveCfg = Debug|Any CPU
		{06385E1F-0EBA-4429-BC09-BCC0E438AD6D}.Debug|Any CPU.Build.0 = Debug|Any CPU
		{06385E1F-0EBA-4429-BC09-BCC0E438AD6D}.Release|Any CPU.ActiveCfg = Release|Any CPU
		{06385E1F-0EBA-4429-BC09-BCC0E438AD6D}.Release|Any CPU.Build.0 = Release|Any CPU
	EndGlobalSection
	GlobalSection(SolutionProperties) = preSolution
		HideSolutionNode = FALSE
	EndGlobalSection
	GlobalSection(ExtensibilityGlobals) = postSolution
		SolutionGuid = {49FFFF1E-C941-4A56-A1FB-C0403856724E}
	EndGlobalSection
EndGlobal
